
Microsoft Visual Studio Solution File, Format Version 12.00
# Visual Studio Version 17
VisualStudioVersion = 17.4.33122.133
MinimumVisualStudioVersion = 10.0.40219.1
Project("{8BC9CEB8-8B4A-11D0-8D11-00A0C91BC942}") = "ClickRecorder", "ClickRecorder.vcxproj", "{DBF7C251-C171-4A47-A937-65070478F39C}"
EndProject
Global
	GlobalSection(SolutionConfigurationPlatforms) = preSolution
		Debug|x64 = Debug|x64
		Debug|x86 = Debug|x86
		Release|x64 = Release|x64
		Release|x86 = Release|x86
	EndGlobalSection
	GlobalSection(ProjectConfigurationPlatforms) = postSolution
		{DBF7C251-C171-4A47-A937-65070478F39C}.Debug|x64.ActiveCfg = Debug|x64
		{DBF7C251-C171-4A47-A937-65070478F39C}.Debug|x64.Build.0 = Debug|x64
		{DBF7C251-C171-4A47-A937-65070478F39C}.Debug|x86.ActiveCfg = Debug|Win32
		{DBF7C251-C171-4A47-A937-65070478F39C}.Debug|x86.Build.0 = Debug|Win32
		{DBF7C251-C171-4A47-A937-65070478F39C}.Release|x64.ActiveCfg = Release|x64
		{DBF7C251-C171-4A47-A937-65070478F39C}.Release|x64.Build.0 = Release|x64
		{DBF7C251-C171-4A47-A937-65070478F39C}.Release|x86.ActiveCfg = Release|Win32
		{DBF7C251-C171-4A47-A937-65070478F39C}.Release|x86.Build.0 = Release|Win32
	EndGlobalSection
	GlobalSection(SolutionProperties) = preSolution
		HideSolutionNode = FALSE
	EndGlobalSection
	GlobalSection(ExtensibilityGlobals) = postSolution
		SolutionGuid = {6293A19B-DD7D-4D10-89BA-AA1C979C0C70}
	EndGlobalSection
EndGlobal
